
Microsoft Visual Studio Solution File, Format Version 12.00
# Visual Studio 14
VisualStudioVersion = 14.0.25420.1
MinimumVisualStudioVersion = 10.0.40219.1
Project("{FAE04EC0-301F-11D3-BF4B-00C04F79EFBC}") = "Climb.Core", "..\Climb.Core\Climb.Core\Climb.Core.csproj", "{8CF9863A-690F-4302-AE20-489118848A59}"
EndProject
Project("{FAE04EC0-301F-11D3-BF4B-00C04F79EFBC}") = "Climb.Data", "..\Climb.Data\Climb.Data\Climb.Data.csproj", "{5077BB24-070A-49E7-8A9D-E83B8FB09B4F}"
EndProject
Project("{FAE04EC0-301F-11D3-BF4B-00C04F79EFBC}") = "Climb.Encrypt", "..\Climb.Encrypt\Climb.Encrypt\Climb.Encrypt.csproj", "{8E33906A-306B-48E5-B26A-C1448892AADB}"
EndProject
Project("{FAE04EC0-301F-11D3-BF4B-00C04F79EFBC}") = "Climb.Utilitys", "..\Climb.Utilitys\Climb.Utilitys\Climb.Utilitys.csproj", "{6EC93A46-4C99-43F4-A636-0D1590611B08}"
EndProject
Project("{FAE04EC0-301F-11D3-BF4B-00C04F79EFBC}") = "Climb.WebUtility", "..\Climb.WebUtility\Climb.WebUtility\Climb.WebUtility.csproj", "{26BC299E-B3C6-4B33-ADE4-543DB1ED9383}"
EndProject
Global
	GlobalSection(SolutionConfigurationPlatforms) = preSolution
		Debug|Any CPU = Debug|Any CPU
		Release|Any CPU = Release|Any CPU
	EndGlobalSection
	GlobalSection(ProjectConfigurationPlatforms) = postSolution
		{8CF9863A-690F-4302-AE20-489118848A59}.Debug|Any CPU.ActiveCfg = Debug|Any CPU
		{8CF9863A-690F-4302-AE20-489118848A59}.Debug|Any CPU.Build.0 = Debug|Any CPU
		{8CF9863A-690F-4302-AE20-489118848A59}.Release|Any CPU.ActiveCfg = Release|Any CPU
		{8CF9863A-690F-4302-AE20-489118848A59}.Release|Any CPU.Build.0 = Release|Any CPU
		{5077BB24-070A-49E7-8A9D-E83B8FB09B4F}.Debug|Any CPU.ActiveCfg = Debug|Any CPU
		{5077BB24-070A-49E7-8A9D-E83B8FB09B4F}.Debug|Any CPU.Build.0 = Debug|Any CPU
		{5077BB24-070A-49E7-8A9D-E83B8FB09B4F}.Release|Any CPU.ActiveCfg = Release|Any CPU
		{5077BB24-070A-49E7-8A9D-E83B8FB09B4F}.Release|Any CPU.Build.0 = Release|Any CPU
		{8E33906A-306B-48E5-B26A-C1448892AADB}.Debug|Any CPU.ActiveCfg = Debug|Any CPU
		{8E33906A-306B-48E5-B26A-C1448892AADB}.Debug|Any CPU.Build.0 = Debug|Any CPU
		{8E33906A-306B-48E5-B26A-C1448892AADB}.Release|Any CPU.ActiveCfg = Release|Any CPU
		{8E33906A-306B-48E5-B26A-C1448892AADB}.Release|Any CPU.Build.0 = Release|Any CPU
		{6EC93A46-4C99-43F4-A636-0D1590611B08}.Debug|Any CPU.ActiveCfg = Debug|Any CPU
		{6EC93A46-4C99-43F4-A636-0D1590611B08}.Debug|Any CPU.Build.0 = Debug|Any CPU
		{6EC93A46-4C99-43F4-A636-0D1590611B08}.Release|Any CPU.ActiveCfg = Release|Any CPU
		{6EC93A46-4C99-43F4-A636-0D1590611B08}.Release|Any CPU.Build.0 = Release|Any CPU
		{26BC299E-B3C6-4B33-ADE4-543DB1ED9383}.Debug|Any CPU.ActiveCfg = Debug|Any CPU
		{26BC299E-B3C6-4B33-ADE4-543DB1ED9383}.Debug|Any CPU.Build.0 = Debug|Any CPU
		{26BC299E-B3C6-4B33-ADE4-543DB1ED9383}.Release|Any CPU.ActiveCfg = Release|Any CPU
		{26BC299E-B3C6-4B33-ADE4-543DB1ED9383}.Release|Any CPU.Build.0 = Release|Any CPU
	EndGlobalSection
	GlobalSection(SolutionProperties) = preSolution
		HideSolutionNode = FALSE
	EndGlobalSection
EndGlobal
